
Microsoft Visual Studio Solution File, Format Version 12.00
# Visual Studio Version 16
VisualStudioVersion = 16.0.29728.190
MinimumVisualStudioVersion = 10.0.40219.1
Project("{FAE04EC0-301F-11D3-BF4B-00C04F79EFBC}") = "File Explorer", "File Explorer.csproj", "{E128FEBB-9215-42FB-B67E-F5F087278A01}"
EndProject
Global
	GlobalSection(SolutionConfigurationPlatforms) = preSolution
		Debug|Any CPU = Debug|Any CPU
		Release|Any CPU = Release|Any CPU
	EndGlobalSection
	GlobalSection(ProjectConfigurationPlatforms) = postSolution
		{E128FEBB-9215-42FB-B67E-F5F087278A01}.Debug|Any CPU.ActiveCfg = Debug|Any CPU
		{E128FEBB-9215-42FB-B67E-F5F087278A01}.Debug|Any CPU.Build.0 = Debug|Any CPU
		{E128FEBB-9215-42FB-B67E-F5F087278A01}.Release|Any CPU.ActiveCfg = Release|Any CPU
		{E128FEBB-9215-42FB-B67E-F5F087278A01}.Release|Any CPU.Build.0 = Release|Any CPU
	EndGlobalSection
	GlobalSection(SolutionProperties) = preSolution
		HideSolutionNode = FALSE
	EndGlobalSection
	GlobalSection(ExtensibilityGlobals) = postSolution
		SolutionGuid = {5AED61F4-8B48-4E59-BB65-47CDE71F3224}
	EndGlobalSection
EndGlobal
